# THIS IS AN AUTOGENERATED FILE. DO NOT EDIT THIS FILE DIRECTLY.
# yarn lockfile v1


"@types/node@^18.11.10":
  version "18.11.10"
  resolved "https://artifactory.gold.mgmt.carezen.net:443/artifactory/api/npm/care-npm-virtual/@types/node/-/node-18.11.10.tgz#4c64759f3c2343b7e6c4b9caf761c7a3a05cee34"
  integrity sha512-juG3RWMBOqcOuXC643OAdSA525V44cVgGV6dUDuiFtss+8Fk5x1hI93Rsld43VeJVIeqlP9I7Fn9/qaVqoEAuQ==

heap-js@^2.2.0:
  version "2.2.0"
  resolved "https://artifactory.gold.mgmt.carezen.net:443/artifactory/api/npm/care-npm-virtual/heap-js/-/heap-js-2.2.0.tgz#f4418874cd2aedc2cf3a7492d579afe23b627c5d"
  integrity sha512-G3uM72G9F/zo9Hph/T7m4ZZVlVu5bx2f5CiCS78TBHz2mNIXnB5KRdEEYssXZJ7ldLDqID29bZ1D5ezCKQD2Zw==
